
Microsoft Visual Studio Solution File, Format Version 12.00
# Visual Studio Version 16
VisualStudioVersion = 16.0.30907.101
MinimumVisualStudioVersion = 10.0.40219.1
Project("{9A19103F-16F7-4668-BE54-9A1E7A4F7556}") = "DataAccess", "DataAccess\DataAccess.csproj", "{0DDB3A0A-69F0-4847-9BB2-A061C52DCB4B}"
EndProject
Project("{9A19103F-16F7-4668-BE54-9A1E7A4F7556}") = "Entities", "Entities\Entities.csproj", "{5D7FC23E-C5B4-49D8-B503-BF46F1620F6E}"
EndProject
Project("{9A19103F-16F7-4668-BE54-9A1E7A4F7556}") = "Business", "Business\Business.csproj", "{170AB7C9-BEB7-41EF-8F73-44B5956EF4DE}"
EndProject
Project("{9A19103F-16F7-4668-BE54-9A1E7A4F7556}") = "ConsoleUI", "ConsoleUI\ConsoleUI.csproj", "{B0027E8C-DFDA-4DF6-818C-0FEF3FC8874E}"
EndProject
Project("{9A19103F-16F7-4668-BE54-9A1E7A4F7556}") = "Core", "Core\Core.csproj", "{E25CB97D-D034-4D15-A910-8E0EE319D0C2}"
EndProject
Project("{FAE04EC0-301F-11D3-BF4B-00C04F79EFBC}") = "WebAPI", "WebAPI\WebAPI.csproj", "{EE5B3723-3D8B-4CA2-B4CD-B3710842B582}"
EndProject
Global
	GlobalSection(SolutionConfigurationPlatforms) = preSolution
		Debug|Any CPU = Debug|Any CPU
		Release|Any CPU = Release|Any CPU
	EndGlobalSection
	GlobalSection(ProjectConfigurationPlatforms) = postSolution
		{0DDB3A0A-69F0-4847-9BB2-A061C52DCB4B}.Debug|Any CPU.ActiveCfg = Debug|Any CPU
		{0DDB3A0A-69F0-4847-9BB2-A061C52DCB4B}.Debug|Any CPU.Build.0 = Debug|Any CPU
		{0DDB3A0A-69F0-4847-9BB2-A061C52DCB4B}.Release|Any CPU.ActiveCfg = Release|Any CPU
		{0DDB3A0A-69F0-4847-9BB2-A061C52DCB4B}.Release|Any CPU.Build.0 = Release|Any CPU
		{5D7FC23E-C5B4-49D8-B503-BF46F1620F6E}.Debug|Any CPU.ActiveCfg = Debug|Any CPU
		{5D7FC23E-C5B4-49D8-B503-BF46F1620F6E}.Debug|Any CPU.Build.0 = Debug|Any CPU
		{5D7FC23E-C5B4-49D8-B503-BF46F1620F6E}.Release|Any CPU.ActiveCfg = Release|Any CPU
		{5D7FC23E-C5B4-49D8-B503-BF46F1620F6E}.Release|Any CPU.Build.0 = Release|Any CPU
		{170AB7C9-BEB7-41EF-8F73-44B5956EF4DE}.Debug|Any CPU.ActiveCfg = Debug|Any CPU
		{170AB7C9-BEB7-41EF-8F73-44B5956EF4DE}.Debug|Any CPU.Build.0 = Debug|Any CPU
		{170AB7C9-BEB7-41EF-8F73-44B5956EF4DE}.Release|Any CPU.ActiveCfg = Release|Any CPU
		{170AB7C9-BEB7-41EF-8F73-44B5956EF4DE}.Release|Any CPU.Build.0 = Release|Any CPU
		{B0027E8C-DFDA-4DF6-818C-0FEF3FC8874E}.Debug|Any CPU.ActiveCfg = Debug|Any CPU
		{B0027E8C-DFDA-4DF6-818C-0FEF3FC8874E}.Debug|Any CPU.Build.0 = Debug|Any CPU
		{B0027E8C-DFDA-4DF6-818C-0FEF3FC8874E}.Release|Any CPU.ActiveCfg = Release|Any CPU
		{B0027E8C-DFDA-4DF6-818C-0FEF3FC8874E}.Release|Any CPU.Build.0 = Release|Any CPU
		{E25CB97D-D034-4D15-A910-8E0EE319D0C2}.Debug|Any CPU.ActiveCfg = Debug|Any CPU
		{E25CB97D-D034-4D15-A910-8E0EE319D0C2}.Debug|Any CPU.Build.0 = Debug|Any CPU
		{E25CB97D-D034-4D15-A910-8E0EE319D0C2}.Release|Any CPU.ActiveCfg = Release|Any CPU
		{E25CB97D-D034-4D15-A910-8E0EE319D0C2}.Release|Any CPU.Build.0 = Release|Any CPU
		{EE5B3723-3D8B-4CA2-B4CD-B3710842B582}.Debug|Any CPU.ActiveCfg = Debug|Any CPU
		{EE5B3723-3D8B-4CA2-B4CD-B3710842B582}.Debug|Any CPU.Build.0 = Debug|Any CPU
		{EE5B3723-3D8B-4CA2-B4CD-B3710842B582}.Release|Any CPU.ActiveCfg = Release|Any CPU
		{EE5B3723-3D8B-4CA2-B4CD-B3710842B582}.Release|Any CPU.Build.0 = Release|Any CPU
	EndGlobalSection
	GlobalSection(SolutionProperties) = preSolution
		HideSolutionNode = FALSE
	EndGlobalSection
	GlobalSection(ExtensibilityGlobals) = postSolution
		SolutionGuid = {B6545C13-788D-4D5F-A255-73C4CC5B32F7}
	EndGlobalSection
EndGlobal
